
Microsoft Visual Studio Solution File, Format Version 12.00
# Visual Studio Version 17
VisualStudioVersion = 17.2.32630.192
MinimumVisualStudioVersion = 10.0.40219.1
Project("{9A19103F-16F7-4668-BE54-9A1E7A4F7556}") = "R5T.F0120", "R5T.F0120\R5T.F0120.csproj", "{0BD0FB6E-8230-4C7A-B6FE-65F0708745F2}"
EndProject
Project("{2150E333-8FDC-42A3-9474-1A3956D46DE8}") = "_Dependencies", "_Dependencies", "{944B4FAC-DA36-481C-930E-A5D4C8D69FBD}"
EndProject
Project("{9A19103F-16F7-4668-BE54-9A1E7A4F7556}") = "R5T.T0143", "..\..\R5T.T0143\source\R5T.T0143\R5T.T0143.csproj", "{DB7559B9-944F-4A31-BFC6-A53EAB211558}"
EndProject
Project("{9A19103F-16F7-4668-BE54-9A1E7A4F7556}") = "R5T.T0178", "..\..\R5T.T0178\source\R5T.T0178\R5T.T0178.csproj", "{BAA6FCED-285F-46D6-8A78-59DE26FF3E4A}"
EndProject
Project("{9A19103F-16F7-4668-BE54-9A1E7A4F7556}") = "R5T.T0179", "..\..\R5T.T0179\source\R5T.T0179\R5T.T0179.csproj", "{A69D54E6-3694-4297-B90A-858B79CF9175}"
EndProject
Project("{9A19103F-16F7-4668-BE54-9A1E7A4F7556}") = "R5T.T0141", "..\..\R5T.T0141\source\R5T.T0141\R5T.T0141.csproj", "{B39BE585-E505-436F-BD8D-F522B34CF99F}"
EndProject
Project("{9A19103F-16F7-4668-BE54-9A1E7A4F7556}") = "R5T.T0131", "..\..\R5T.T0131\source\R5T.T0131\R5T.T0131.csproj", "{040BA3A6-B197-42BF-84A0-0B214CF829F8}"
EndProject
Project("{9A19103F-16F7-4668-BE54-9A1E7A4F7556}") = "R5T.T0132", "..\..\R5T.T0132\source\R5T.T0132\R5T.T0132.csproj", "{B4BC50FD-0EBE-4ABF-84F1-4D7108901F0D}"
EndProject
Project("{9A19103F-16F7-4668-BE54-9A1E7A4F7556}") = "R5T.F0000", "..\..\R5T.F0000\source\R5T.F0000\R5T.F0000.csproj", "{E64DBA9D-5942-4191-A4D1-A3055647D668}"
EndProject
Project("{9A19103F-16F7-4668-BE54-9A1E7A4F7556}") = "R5T.F0002", "..\..\R5T.F0002\source\R5T.F0002\R5T.F0002.csproj", "{9EB7D879-2679-4B24-A809-F4EA2D2482DE}"
EndProject
Project("{9A19103F-16F7-4668-BE54-9A1E7A4F7556}") = "R5T.L0053", "..\..\R5T.L0053\source\R5T.L0053\R5T.L0053.csproj", "{2FC1B847-F8E2-420D-9F6B-88C6DCBDE8C5}"
EndProject
Project("{9A19103F-16F7-4668-BE54-9A1E7A4F7556}") = "R5T.L0066", "..\..\R5T.L0066\source\R5T.L0066\R5T.L0066.csproj", "{7026D346-25B7-4900-912A-C5418AACDACD}"
EndProject
Project("{9A19103F-16F7-4668-BE54-9A1E7A4F7556}") = "R5T.L0071", "..\..\R5T.L0071\source\R5T.L0071\R5T.L0071.csproj", "{DB52732D-CFE2-402E-AC47-966F02B53393}"
EndProject
Project("{9A19103F-16F7-4668-BE54-9A1E7A4F7556}") = "R5T.T0142", "..\..\R5T.T0142\source\R5T.T0142\R5T.T0142.csproj", "{D6604E0E-9CE5-4EBA-9D1C-7498725465AC}"
EndProject
Project("{9A19103F-16F7-4668-BE54-9A1E7A4F7556}") = "R5T.T0156", "..\..\R5T.T0156\source\R5T.T0156\R5T.T0156.csproj", "{B45A4F2E-EF78-4394-BCA9-CC4BDF18C6F1}"
EndProject
Project("{9A19103F-16F7-4668-BE54-9A1E7A4F7556}") = "R5T.T0180", "..\..\R5T.T0180\source\R5T.T0180\R5T.T0180.csproj", "{30F3DA80-A333-483D-AC5A-731866683696}"
EndProject
Project("{9A19103F-16F7-4668-BE54-9A1E7A4F7556}") = "R5T.T0181", "..\..\R5T.T0181\source\R5T.T0181\R5T.T0181.csproj", "{5309463C-F225-4FED-9E52-681AF186B0CE}"
EndProject
Project("{9A19103F-16F7-4668-BE54-9A1E7A4F7556}") = "R5T.T0199.T000", "..\..\R5T.T0199\source\R5T.T0199.T000\R5T.T0199.T000.csproj", "{0A603946-E543-4355-98DD-47AE8BC4D511}"
EndProject
Project("{9A19103F-16F7-4668-BE54-9A1E7A4F7556}") = "R5T.T0199.T001", "..\..\R5T.T0199\source\R5T.T0199.T001\R5T.T0199.T001.csproj", "{A83E8DD3-D27A-4BF8-838C-CB5B50F0A8BB}"
EndProject
Project("{9A19103F-16F7-4668-BE54-9A1E7A4F7556}") = "R5T.T0199", "..\..\R5T.T0199\source\R5T.T0199\R5T.T0199.csproj", "{F9A6A9E3-A533-4BBA-A404-A9A427234E9A}"
EndProject
Project("{9A19103F-16F7-4668-BE54-9A1E7A4F7556}") = "R5T.T0221", "..\..\R5T.T0221\source\R5T.T0221\R5T.T0221.csproj", "{7829042F-5811-4149-B273-7E80CE49C114}"
EndProject
Project("{9A19103F-16F7-4668-BE54-9A1E7A4F7556}") = "R5T.Y0000", "..\..\R5T.Y0000\source\R5T.Y0000\R5T.Y0000.csproj", "{42B1F26A-409A-487D-9E7C-8A4EED0BB9FE}"
EndProject
Project("{9A19103F-16F7-4668-BE54-9A1E7A4F7556}") = "R5T.Y0006", "..\..\R5T.Y0006\source\R5T.Y0006\R5T.Y0006.csproj", "{BB2D6B90-651A-427F-AA01-62434EFBACD4}"
EndProject
Project("{9A19103F-16F7-4668-BE54-9A1E7A4F7556}") = "R5T.Z0000", "..\..\R5T.Z0000\source\R5T.Z0000\R5T.Z0000.csproj", "{A7DE2DBF-9ED4-4EFF-9F33-8A25D4307F98}"
EndProject
Project("{9A19103F-16F7-4668-BE54-9A1E7A4F7556}") = "R5T.Z0010.Platform", "..\..\R5T.Z0010\source\R5T.Z0010.Platform\R5T.Z0010.Platform.csproj", "{50637930-C607-4FF4-92D8-317ECCFD1B35}"
EndProject
Global
	GlobalSection(NestedProjects) = preSolution
		{DB7559B9-944F-4A31-BFC6-A53EAB211558} = {944B4FAC-DA36-481C-930E-A5D4C8D69FBD}
		{BAA6FCED-285F-46D6-8A78-59DE26FF3E4A} = {944B4FAC-DA36-481C-930E-A5D4C8D69FBD}
		{A69D54E6-3694-4297-B90A-858B79CF9175} = {944B4FAC-DA36-481C-930E-A5D4C8D69FBD}
		{B39BE585-E505-436F-BD8D-F522B34CF99F} = {944B4FAC-DA36-481C-930E-A5D4C8D69FBD}
		{040BA3A6-B197-42BF-84A0-0B214CF829F8} = {944B4FAC-DA36-481C-930E-A5D4C8D69FBD}
		{B4BC50FD-0EBE-4ABF-84F1-4D7108901F0D} = {944B4FAC-DA36-481C-930E-A5D4C8D69FBD}
		{E64DBA9D-5942-4191-A4D1-A3055647D668} = {944B4FAC-DA36-481C-930E-A5D4C8D69FBD}
		{9EB7D879-2679-4B24-A809-F4EA2D2482DE} = {944B4FAC-DA36-481C-930E-A5D4C8D69FBD}
		{2FC1B847-F8E2-420D-9F6B-88C6DCBDE8C5} = {944B4FAC-DA36-481C-930E-A5D4C8D69FBD}
		{7026D346-25B7-4900-912A-C5418AACDACD} = {944B4FAC-DA36-481C-930E-A5D4C8D69FBD}
		{DB52732D-CFE2-402E-AC47-966F02B53393} = {944B4FAC-DA36-481C-930E-A5D4C8D69FBD}
		{D6604E0E-9CE5-4EBA-9D1C-7498725465AC} = {944B4FAC-DA36-481C-930E-A5D4C8D69FBD}
		{B45A4F2E-EF78-4394-BCA9-CC4BDF18C6F1} = {944B4FAC-DA36-481C-930E-A5D4C8D69FBD}
		{30F3DA80-A333-483D-AC5A-731866683696} = {944B4FAC-DA36-481C-930E-A5D4C8D69FBD}
		{5309463C-F225-4FED-9E52-681AF186B0CE} = {944B4FAC-DA36-481C-930E-A5D4C8D69FBD}
		{0A603946-E543-4355-98DD-47AE8BC4D511} = {944B4FAC-DA36-481C-930E-A5D4C8D69FBD}
		{A83E8DD3-D27A-4BF8-838C-CB5B50F0A8BB} = {944B4FAC-DA36-481C-930E-A5D4C8D69FBD}
		{F9A6A9E3-A533-4BBA-A404-A9A427234E9A} = {944B4FAC-DA36-481C-930E-A5D4C8D69FBD}
		{7829042F-5811-4149-B273-7E80CE49C114} = {944B4FAC-DA36-481C-930E-A5D4C8D69FBD}
		{42B1F26A-409A-487D-9E7C-8A4EED0BB9FE} = {944B4FAC-DA36-481C-930E-A5D4C8D69FBD}
		{BB2D6B90-651A-427F-AA01-62434EFBACD4} = {944B4FAC-DA36-481C-930E-A5D4C8D69FBD}
		{A7DE2DBF-9ED4-4EFF-9F33-8A25D4307F98} = {944B4FAC-DA36-481C-930E-A5D4C8D69FBD}
		{50637930-C607-4FF4-92D8-317ECCFD1B35} = {944B4FAC-DA36-481C-930E-A5D4C8D69FBD}
	EndGlobalSection
	GlobalSection(SolutionConfigurationPlatforms) = preSolution
		Debug|Any CPU = Debug|Any CPU
		Release|Any CPU = Release|Any CPU
	EndGlobalSection
	GlobalSection(ProjectConfigurationPlatforms) = postSolution
		{0BD0FB6E-8230-4C7A-B6FE-65F0708745F2}.Debug|Any CPU.ActiveCfg = Debug|Any CPU
		{0BD0FB6E-8230-4C7A-B6FE-65F0708745F2}.Debug|Any CPU.Build.0 = Debug|Any CPU
		{0BD0FB6E-8230-4C7A-B6FE-65F0708745F2}.Release|Any CPU.ActiveCfg = Release|Any CPU
		{0BD0FB6E-8230-4C7A-B6FE-65F0708745F2}.Release|Any CPU.Build.0 = Release|Any CPU
		{DB7559B9-944F-4A31-BFC6-A53EAB211558}.Debug|Any CPU.ActiveCfg = Debug|Any CPU
		{DB7559B9-944F-4A31-BFC6-A53EAB211558}.Debug|Any CPU.Build.0 = Debug|Any CPU
		{DB7559B9-944F-4A31-BFC6-A53EAB211558}.Release|Any CPU.ActiveCfg = Release|Any CPU
		{DB7559B9-944F-4A31-BFC6-A53EAB211558}.Release|Any CPU.Build.0 = Release|Any CPU
		{BAA6FCED-285F-46D6-8A78-59DE26FF3E4A}.Debug|Any CPU.ActiveCfg = Debug|Any CPU
		{BAA6FCED-285F-46D6-8A78-59DE26FF3E4A}.Debug|Any CPU.Build.0 = Debug|Any CPU
		{BAA6FCED-285F-46D6-8A78-59DE26FF3E4A}.Release|Any CPU.ActiveCfg = Release|Any CPU
		{BAA6FCED-285F-46D6-8A78-59DE26FF3E4A}.Release|Any CPU.Build.0 = Release|Any CPU
		{A69D54E6-3694-4297-B90A-858B79CF9175}.Debug|Any CPU.ActiveCfg = Debug|Any CPU
		{A69D54E6-3694-4297-B90A-858B79CF9175}.Debug|Any CPU.Build.0 = Debug|Any CPU
		{A69D54E6-3694-4297-B90A-858B79CF9175}.Release|Any CPU.ActiveCfg = Release|Any CPU
		{A69D54E6-3694-4297-B90A-858B79CF9175}.Release|Any CPU.Build.0 = Release|Any CPU
		{B39BE585-E505-436F-BD8D-F522B34CF99F}.Debug|Any CPU.ActiveCfg = Debug|Any CPU
		{B39BE585-E505-436F-BD8D-F522B34CF99F}.Debug|Any CPU.Build.0 = Debug|Any CPU
		{B39BE585-E505-436F-BD8D-F522B34CF99F}.Release|Any CPU.ActiveCfg = Release|Any CPU
		{B39BE585-E505-436F-BD8D-F522B34CF99F}.Release|Any CPU.Build.0 = Release|Any CPU
		{040BA3A6-B197-42BF-84A0-0B214CF829F8}.Debug|Any CPU.ActiveCfg = Debug|Any CPU
		{040BA3A6-B197-42BF-84A0-0B214CF829F8}.Debug|Any CPU.Build.0 = Debug|Any CPU
		{040BA3A6-B197-42BF-84A0-0B214CF829F8}.Release|Any CPU.ActiveCfg = Release|Any CPU
		{040BA3A6-B197-42BF-84A0-0B214CF829F8}.Release|Any CPU.Build.0 = Release|Any CPU
		{B4BC50FD-0EBE-4ABF-84F1-4D7108901F0D}.Debug|Any CPU.ActiveCfg = Debug|Any CPU
		{B4BC50FD-0EBE-4ABF-84F1-4D7108901F0D}.Debug|Any CPU.Build.0 = Debug|Any CPU
		{B4BC50FD-0EBE-4ABF-84F1-4D7108901F0D}.Release|Any CPU.ActiveCfg = Release|Any CPU
		{B4BC50FD-0EBE-4ABF-84F1-4D7108901F0D}.Release|Any CPU.Build.0 = Release|Any CPU
		{E64DBA9D-5942-4191-A4D1-A3055647D668}.Debug|Any CPU.ActiveCfg = Debug|Any CPU
		{E64DBA9D-5942-4191-A4D1-A3055647D668}.Debug|Any CPU.Build.0 = Debug|Any CPU
		{E64DBA9D-5942-4191-A4D1-A3055647D668}.Release|Any CPU.ActiveCfg = Release|Any CPU
		{E64DBA9D-5942-4191-A4D1-A3055647D668}.Release|Any CPU.Build.0 = Release|Any CPU
		{9EB7D879-2679-4B24-A809-F4EA2D2482DE}.Debug|Any CPU.ActiveCfg = Debug|Any CPU
		{9EB7D879-2679-4B24-A809-F4EA2D2482DE}.Debug|Any CPU.Build.0 = Debug|Any CPU
		{9EB7D879-2679-4B24-A809-F4EA2D2482DE}.Release|Any CPU.ActiveCfg = Release|Any CPU
		{9EB7D879-2679-4B24-A809-F4EA2D2482DE}.Release|Any CPU.Build.0 = Release|Any CPU
		{2FC1B847-F8E2-420D-9F6B-88C6DCBDE8C5}.Debug|Any CPU.ActiveCfg = Debug|Any CPU
		{2FC1B847-F8E2-420D-9F6B-88C6DCBDE8C5}.Debug|Any CPU.Build.0 = Debug|Any CPU
		{2FC1B847-F8E2-420D-9F6B-88C6DCBDE8C5}.Release|Any CPU.ActiveCfg = Release|Any CPU
		{2FC1B847-F8E2-420D-9F6B-88C6DCBDE8C5}.Release|Any CPU.Build.0 = Release|Any CPU
		{7026D346-25B7-4900-912A-C5418AACDACD}.Debug|Any CPU.ActiveCfg = Debug|Any CPU
		{7026D346-25B7-4900-912A-C5418AACDACD}.Debug|Any CPU.Build.0 = Debug|Any CPU
		{7026D346-25B7-4900-912A-C5418AACDACD}.Release|Any CPU.ActiveCfg = Release|Any CPU
		{7026D346-25B7-4900-912A-C5418AACDACD}.Release|Any CPU.Build.0 = Release|Any CPU
		{DB52732D-CFE2-402E-AC47-966F02B53393}.Debug|Any CPU.ActiveCfg = Debug|Any CPU
		{DB52732D-CFE2-402E-AC47-966F02B53393}.Debug|Any CPU.Build.0 = Debug|Any CPU
		{DB52732D-CFE2-402E-AC47-966F02B53393}.Release|Any CPU.ActiveCfg = Release|Any CPU
		{DB52732D-CFE2-402E-AC47-966F02B53393}.Release|Any CPU.Build.0 = Release|Any CPU
		{D6604E0E-9CE5-4EBA-9D1C-7498725465AC}.Debug|Any CPU.ActiveCfg = Debug|Any CPU
		{D6604E0E-9CE5-4EBA-9D1C-7498725465AC}.Debug|Any CPU.Build.0 = Debug|Any CPU
		{D6604E0E-9CE5-4EBA-9D1C-7498725465AC}.Release|Any CPU.ActiveCfg = Release|Any CPU
		{D6604E0E-9CE5-4EBA-9D1C-7498725465AC}.Release|Any CPU.Build.0 = Release|Any CPU
		{B45A4F2E-EF78-4394-BCA9-CC4BDF18C6F1}.Debug|Any CPU.ActiveCfg = Debug|Any CPU
		{B45A4F2E-EF78-4394-BCA9-CC4BDF18C6F1}.Debug|Any CPU.Build.0 = Debug|Any CPU
		{B45A4F2E-EF78-4394-BCA9-CC4BDF18C6F1}.Release|Any CPU.ActiveCfg = Release|Any CPU
		{B45A4F2E-EF78-4394-BCA9-CC4BDF18C6F1}.Release|Any CPU.Build.0 = Release|Any CPU
		{30F3DA80-A333-483D-AC5A-731866683696}.Debug|Any CPU.ActiveCfg = Debug|Any CPU
		{30F3DA80-A333-483D-AC5A-731866683696}.Debug|Any CPU.Build.0 = Debug|Any CPU
		{30F3DA80-A333-483D-AC5A-731866683696}.Release|Any CPU.ActiveCfg = Release|Any CPU
		{30F3DA80-A333-483D-AC5A-731866683696}.Release|Any CPU.Build.0 = Release|Any CPU
		{5309463C-F225-4FED-9E52-681AF186B0CE}.Debug|Any CPU.ActiveCfg = Debug|Any CPU
		{5309463C-F225-4FED-9E52-681AF186B0CE}.Debug|Any CPU.Build.0 = Debug|Any CPU
		{5309463C-F225-4FED-9E52-681AF186B0CE}.Release|Any CPU.ActiveCfg = Release|Any CPU
		{5309463C-F225-4FED-9E52-681AF186B0CE}.Release|Any CPU.Build.0 = Release|Any CPU
		{0A603946-E543-4355-98DD-47AE8BC4D511}.Debug|Any CPU.ActiveCfg = Debug|Any CPU
		{0A603946-E543-4355-98DD-47AE8BC4D511}.Debug|Any CPU.Build.0 = Debug|Any CPU
		{0A603946-E543-4355-98DD-47AE8BC4D511}.Release|Any CPU.ActiveCfg = Release|Any CPU
		{0A603946-E543-4355-98DD-47AE8BC4D511}.Release|Any CPU.Build.0 = Release|Any CPU
		{A83E8DD3-D27A-4BF8-838C-CB5B50F0A8BB}.Debug|Any CPU.ActiveCfg = Debug|Any CPU
		{A83E8DD3-D27A-4BF8-838C-CB5B50F0A8BB}.Debug|Any CPU.Build.0 = Debug|Any CPU
		{A83E8DD3-D27A-4BF8-838C-CB5B50F0A8BB}.Release|Any CPU.ActiveCfg = Release|Any CPU
		{A83E8DD3-D27A-4BF8-838C-CB5B50F0A8BB}.Release|Any CPU.Build.0 = Release|Any CPU
		{F9A6A9E3-A533-4BBA-A404-A9A427234E9A}.Debug|Any CPU.ActiveCfg = Debug|Any CPU
		{F9A6A9E3-A533-4BBA-A404-A9A427234E9A}.Debug|Any CPU.Build.0 = Debug|Any CPU
		{F9A6A9E3-A533-4BBA-A404-A9A427234E9A}.Release|Any CPU.ActiveCfg = Release|Any CPU
		{F9A6A9E3-A533-4BBA-A404-A9A427234E9A}.Release|Any CPU.Build.0 = Release|Any CPU
		{7829042F-5811-4149-B273-7E80CE49C114}.Debug|Any CPU.ActiveCfg = Debug|Any CPU
		{7829042F-5811-4149-B273-7E80CE49C114}.Debug|Any CPU.Build.0 = Debug|Any CPU
		{7829042F-5811-4149-B273-7E80CE49C114}.Release|Any CPU.ActiveCfg = Release|Any CPU
		{7829042F-5811-4149-B273-7E80CE49C114}.Release|Any CPU.Build.0 = Release|Any CPU
		{42B1F26A-409A-487D-9E7C-8A4EED0BB9FE}.Debug|Any CPU.ActiveCfg = Debug|Any CPU
		{42B1F26A-409A-487D-9E7C-8A4EED0BB9FE}.Debug|Any CPU.Build.0 = Debug|Any CPU
		{42B1F26A-409A-487D-9E7C-8A4EED0BB9FE}.Release|Any CPU.ActiveCfg = Release|Any CPU
		{42B1F26A-409A-487D-9E7C-8A4EED0BB9FE}.Release|Any CPU.Build.0 = Release|Any CPU
		{BB2D6B90-651A-427F-AA01-62434EFBACD4}.Debug|Any CPU.ActiveCfg = Debug|Any CPU
		{BB2D6B90-651A-427F-AA01-62434EFBACD4}.Debug|Any CPU.Build.0 = Debug|Any CPU
		{BB2D6B90-651A-427F-AA01-62434EFBACD4}.Release|Any CPU.ActiveCfg = Release|Any CPU
		{BB2D6B90-651A-427F-AA01-62434EFBACD4}.Release|Any CPU.Build.0 = Release|Any CPU
		{A7DE2DBF-9ED4-4EFF-9F33-8A25D4307F98}.Debug|Any CPU.ActiveCfg = Debug|Any CPU
		{A7DE2DBF-9ED4-4EFF-9F33-8A25D4307F98}.Debug|Any CPU.Build.0 = Debug|Any CPU
		{A7DE2DBF-9ED4-4EFF-9F33-8A25D4307F98}.Release|Any CPU.ActiveCfg = Release|Any CPU
		{A7DE2DBF-9ED4-4EFF-9F33-8A25D4307F98}.Release|Any CPU.Build.0 = Release|Any CPU
		{50637930-C607-4FF4-92D8-317ECCFD1B35}.Debug|Any CPU.ActiveCfg = Debug|Any CPU
		{50637930-C607-4FF4-92D8-317ECCFD1B35}.Debug|Any CPU.Build.0 = Debug|Any CPU
		{50637930-C607-4FF4-92D8-317ECCFD1B35}.Release|Any CPU.ActiveCfg = Release|Any CPU
		{50637930-C607-4FF4-92D8-317ECCFD1B35}.Release|Any CPU.Build.0 = Release|Any CPU
	EndGlobalSection
	GlobalSection(SolutionProperties) = preSolution
		HideSolutionNode = FALSE
	EndGlobalSection
	GlobalSection(ExtensibilityGlobals) = postSolution
		SolutionGuid = {5DE9A7E6-DA8B-4978-827A-7789E7C20592}
	EndGlobalSection
EndGlobal
