
Microsoft Visual Studio Solution File, Format Version 12.00
# Visual Studio Version 17
VisualStudioVersion = 17.2.32630.192
MinimumVisualStudioVersion = 10.0.40219.1
Project("{9A19103F-16F7-4668-BE54-9A1E7A4F7556}") = "R5T.F0120.Construction", "R5T.F0120.Construction\R5T.F0120.Construction.csproj", "{01625AF7-8BF2-4AB7-9E9D-0D52548D5AB0}"
EndProject
Project("{9A19103F-16F7-4668-BE54-9A1E7A4F7556}") = "R5T.F0120", "R5T.F0120\R5T.F0120.csproj", "{BD680FB3-145D-4DDA-B1B1-F01D0A0FF893}"
EndProject
Project("{2150E333-8FDC-42A3-9474-1A3956D46DE8}") = "_Dependencies", "_Dependencies", "{319DB70B-A874-4772-BAD4-4AFE1E2474B3}"
EndProject
Project("{9A19103F-16F7-4668-BE54-9A1E7A4F7556}") = "R5T.T0143", "..\..\R5T.T0143\source\R5T.T0143\R5T.T0143.csproj", "{CFF2F326-9305-469C-8544-C7BF157E00FB}"
EndProject
Project("{9A19103F-16F7-4668-BE54-9A1E7A4F7556}") = "R5T.T0178", "..\..\R5T.T0178\source\R5T.T0178\R5T.T0178.csproj", "{2938CF9D-91D7-4DD7-BD71-CF53D0C8D850}"
EndProject
Project("{9A19103F-16F7-4668-BE54-9A1E7A4F7556}") = "R5T.T0179", "..\..\R5T.T0179\source\R5T.T0179\R5T.T0179.csproj", "{51362042-48EC-4E40-A695-AA34B81062C7}"
EndProject
Project("{9A19103F-16F7-4668-BE54-9A1E7A4F7556}") = "R5T.T0141", "..\..\R5T.T0141\source\R5T.T0141\R5T.T0141.csproj", "{1BFD6A92-E54A-475A-8FC6-FA4082AF1C1B}"
EndProject
Project("{9A19103F-16F7-4668-BE54-9A1E7A4F7556}") = "R5T.T0131", "..\..\R5T.T0131\source\R5T.T0131\R5T.T0131.csproj", "{71254DFB-E42F-4F25-8517-83783C460C5F}"
EndProject
Project("{9A19103F-16F7-4668-BE54-9A1E7A4F7556}") = "R5T.T0132", "..\..\R5T.T0132\source\R5T.T0132\R5T.T0132.csproj", "{8FB674DE-6D6E-416E-AE9B-70EE88A1D47B}"
EndProject
Project("{9A19103F-16F7-4668-BE54-9A1E7A4F7556}") = "R5T.Z0004", "..\..\R5T.Z0004\source\R5T.Z0004\R5T.Z0004.csproj", "{1BCACF7F-E795-4F55-834D-4C44A4A4FF95}"
EndProject
Project("{9A19103F-16F7-4668-BE54-9A1E7A4F7556}") = "R5T.F0000", "..\..\R5T.F0000\source\R5T.F0000\R5T.F0000.csproj", "{98A1F433-EFFB-4C2F-86E5-32BE1E0D7455}"
EndProject
Project("{9A19103F-16F7-4668-BE54-9A1E7A4F7556}") = "R5T.F0002", "..\..\R5T.F0002\source\R5T.F0002\R5T.F0002.csproj", "{6EB7F6F0-0021-4418-A1A3-D30D4D72728B}"
EndProject
Project("{9A19103F-16F7-4668-BE54-9A1E7A4F7556}") = "R5T.T0142", "..\..\R5T.T0142\source\R5T.T0142\R5T.T0142.csproj", "{82E277B6-6DE0-481E-B6B0-1F1C3CEEC0D1}"
EndProject
Project("{9A19103F-16F7-4668-BE54-9A1E7A4F7556}") = "R5T.T0156", "..\..\R5T.T0156\source\R5T.T0156\R5T.T0156.csproj", "{6CC13FF8-4463-40A1-BF80-1BEB2B84C447}"
EndProject
Project("{9A19103F-16F7-4668-BE54-9A1E7A4F7556}") = "R5T.T0180", "..\..\R5T.T0180\source\R5T.T0180\R5T.T0180.csproj", "{0F49C43F-174B-47BE-9DE8-1B58C8864CDA}"
EndProject
Project("{9A19103F-16F7-4668-BE54-9A1E7A4F7556}") = "R5T.T0181", "..\..\R5T.T0181\source\R5T.T0181\R5T.T0181.csproj", "{5B64E564-3496-4D07-A7AF-5B51602BE7F2}"
EndProject
Project("{9A19103F-16F7-4668-BE54-9A1E7A4F7556}") = "R5T.Y0000", "..\..\R5T.Y0000\source\R5T.Y0000\R5T.Y0000.csproj", "{785A5F40-522B-4352-98F0-4AA52FFB4F6A}"
EndProject
Project("{9A19103F-16F7-4668-BE54-9A1E7A4F7556}") = "R5T.Z0000", "..\..\R5T.Z0000\source\R5T.Z0000\R5T.Z0000.csproj", "{1A418CBD-1A08-41E3-BB36-561151B90C14}"
EndProject
Project("{9A19103F-16F7-4668-BE54-9A1E7A4F7556}") = "R5T.L0053", "..\..\R5T.L0053\source\R5T.L0053\R5T.L0053.csproj", "{2FD198C8-1F4B-4105-B362-81FD14516FBF}"
EndProject
Project("{9A19103F-16F7-4668-BE54-9A1E7A4F7556}") = "R5T.L0066", "..\..\R5T.L0066\source\R5T.L0066\R5T.L0066.csproj", "{6F2B95F5-07D4-43ED-81A5-CA6015F43E51}"
EndProject
Project("{9A19103F-16F7-4668-BE54-9A1E7A4F7556}") = "R5T.L0071", "..\..\R5T.L0071\source\R5T.L0071\R5T.L0071.csproj", "{BF9EC991-9994-452D-8D4E-A4B68F8F960E}"
EndProject
Project("{9A19103F-16F7-4668-BE54-9A1E7A4F7556}") = "R5T.T0199.T000", "..\..\R5T.T0199\source\R5T.T0199.T000\R5T.T0199.T000.csproj", "{6717B061-5601-43F1-9E18-D2213884C546}"
EndProject
Project("{9A19103F-16F7-4668-BE54-9A1E7A4F7556}") = "R5T.T0199.T001", "..\..\R5T.T0199\source\R5T.T0199.T001\R5T.T0199.T001.csproj", "{804F3E24-F847-4EB2-804B-442263D1200F}"
EndProject
Project("{9A19103F-16F7-4668-BE54-9A1E7A4F7556}") = "R5T.T0199", "..\..\R5T.T0199\source\R5T.T0199\R5T.T0199.csproj", "{C09F944E-5797-4213-8222-656B0A42F249}"
EndProject
Project("{9A19103F-16F7-4668-BE54-9A1E7A4F7556}") = "R5T.T0221", "..\..\R5T.T0221\source\R5T.T0221\R5T.T0221.csproj", "{AA72CC98-7D3E-42FD-93CA-FAFE3C2CB849}"
EndProject
Project("{9A19103F-16F7-4668-BE54-9A1E7A4F7556}") = "R5T.Y0006", "..\..\R5T.Y0006\source\R5T.Y0006\R5T.Y0006.csproj", "{C5A79408-B80E-445F-8EFD-2839821B3F76}"
EndProject
Project("{9A19103F-16F7-4668-BE54-9A1E7A4F7556}") = "R5T.Z0010.Platform", "..\..\R5T.Z0010\source\R5T.Z0010.Platform\R5T.Z0010.Platform.csproj", "{D0ECDC53-8C7F-45D7-8614-A4D7C90509F9}"
EndProject
Global
	GlobalSection(NestedProjects) = preSolution
		{CFF2F326-9305-469C-8544-C7BF157E00FB} = {319DB70B-A874-4772-BAD4-4AFE1E2474B3}
		{2938CF9D-91D7-4DD7-BD71-CF53D0C8D850} = {319DB70B-A874-4772-BAD4-4AFE1E2474B3}
		{51362042-48EC-4E40-A695-AA34B81062C7} = {319DB70B-A874-4772-BAD4-4AFE1E2474B3}
		{1BFD6A92-E54A-475A-8FC6-FA4082AF1C1B} = {319DB70B-A874-4772-BAD4-4AFE1E2474B3}
		{71254DFB-E42F-4F25-8517-83783C460C5F} = {319DB70B-A874-4772-BAD4-4AFE1E2474B3}
		{8FB674DE-6D6E-416E-AE9B-70EE88A1D47B} = {319DB70B-A874-4772-BAD4-4AFE1E2474B3}
		{1BCACF7F-E795-4F55-834D-4C44A4A4FF95} = {319DB70B-A874-4772-BAD4-4AFE1E2474B3}
		{98A1F433-EFFB-4C2F-86E5-32BE1E0D7455} = {319DB70B-A874-4772-BAD4-4AFE1E2474B3}
		{6EB7F6F0-0021-4418-A1A3-D30D4D72728B} = {319DB70B-A874-4772-BAD4-4AFE1E2474B3}
		{82E277B6-6DE0-481E-B6B0-1F1C3CEEC0D1} = {319DB70B-A874-4772-BAD4-4AFE1E2474B3}
		{6CC13FF8-4463-40A1-BF80-1BEB2B84C447} = {319DB70B-A874-4772-BAD4-4AFE1E2474B3}
		{0F49C43F-174B-47BE-9DE8-1B58C8864CDA} = {319DB70B-A874-4772-BAD4-4AFE1E2474B3}
		{5B64E564-3496-4D07-A7AF-5B51602BE7F2} = {319DB70B-A874-4772-BAD4-4AFE1E2474B3}
		{785A5F40-522B-4352-98F0-4AA52FFB4F6A} = {319DB70B-A874-4772-BAD4-4AFE1E2474B3}
		{1A418CBD-1A08-41E3-BB36-561151B90C14} = {319DB70B-A874-4772-BAD4-4AFE1E2474B3}
		{2FD198C8-1F4B-4105-B362-81FD14516FBF} = {319DB70B-A874-4772-BAD4-4AFE1E2474B3}
		{6F2B95F5-07D4-43ED-81A5-CA6015F43E51} = {319DB70B-A874-4772-BAD4-4AFE1E2474B3}
		{BF9EC991-9994-452D-8D4E-A4B68F8F960E} = {319DB70B-A874-4772-BAD4-4AFE1E2474B3}
		{6717B061-5601-43F1-9E18-D2213884C546} = {319DB70B-A874-4772-BAD4-4AFE1E2474B3}
		{804F3E24-F847-4EB2-804B-442263D1200F} = {319DB70B-A874-4772-BAD4-4AFE1E2474B3}
		{C09F944E-5797-4213-8222-656B0A42F249} = {319DB70B-A874-4772-BAD4-4AFE1E2474B3}
		{AA72CC98-7D3E-42FD-93CA-FAFE3C2CB849} = {319DB70B-A874-4772-BAD4-4AFE1E2474B3}
		{C5A79408-B80E-445F-8EFD-2839821B3F76} = {319DB70B-A874-4772-BAD4-4AFE1E2474B3}
		{D0ECDC53-8C7F-45D7-8614-A4D7C90509F9} = {319DB70B-A874-4772-BAD4-4AFE1E2474B3}
	EndGlobalSection
	GlobalSection(SolutionConfigurationPlatforms) = preSolution
		Debug|Any CPU = Debug|Any CPU
		Release|Any CPU = Release|Any CPU
	EndGlobalSection
	GlobalSection(ProjectConfigurationPlatforms) = postSolution
		{01625AF7-8BF2-4AB7-9E9D-0D52548D5AB0}.Debug|Any CPU.ActiveCfg = Debug|Any CPU
		{01625AF7-8BF2-4AB7-9E9D-0D52548D5AB0}.Debug|Any CPU.Build.0 = Debug|Any CPU
		{01625AF7-8BF2-4AB7-9E9D-0D52548D5AB0}.Release|Any CPU.ActiveCfg = Release|Any CPU
		{01625AF7-8BF2-4AB7-9E9D-0D52548D5AB0}.Release|Any CPU.Build.0 = Release|Any CPU
		{BD680FB3-145D-4DDA-B1B1-F01D0A0FF893}.Debug|Any CPU.ActiveCfg = Debug|Any CPU
		{BD680FB3-145D-4DDA-B1B1-F01D0A0FF893}.Debug|Any CPU.Build.0 = Debug|Any CPU
		{BD680FB3-145D-4DDA-B1B1-F01D0A0FF893}.Release|Any CPU.ActiveCfg = Release|Any CPU
		{BD680FB3-145D-4DDA-B1B1-F01D0A0FF893}.Release|Any CPU.Build.0 = Release|Any CPU
		{CFF2F326-9305-469C-8544-C7BF157E00FB}.Debug|Any CPU.ActiveCfg = Debug|Any CPU
		{CFF2F326-9305-469C-8544-C7BF157E00FB}.Debug|Any CPU.Build.0 = Debug|Any CPU
		{CFF2F326-9305-469C-8544-C7BF157E00FB}.Release|Any CPU.ActiveCfg = Release|Any CPU
		{CFF2F326-9305-469C-8544-C7BF157E00FB}.Release|Any CPU.Build.0 = Release|Any CPU
		{2938CF9D-91D7-4DD7-BD71-CF53D0C8D850}.Debug|Any CPU.ActiveCfg = Debug|Any CPU
		{2938CF9D-91D7-4DD7-BD71-CF53D0C8D850}.Debug|Any CPU.Build.0 = Debug|Any CPU
		{2938CF9D-91D7-4DD7-BD71-CF53D0C8D850}.Release|Any CPU.ActiveCfg = Release|Any CPU
		{2938CF9D-91D7-4DD7-BD71-CF53D0C8D850}.Release|Any CPU.Build.0 = Release|Any CPU
		{51362042-48EC-4E40-A695-AA34B81062C7}.Debug|Any CPU.ActiveCfg = Debug|Any CPU
		{51362042-48EC-4E40-A695-AA34B81062C7}.Debug|Any CPU.Build.0 = Debug|Any CPU
		{51362042-48EC-4E40-A695-AA34B81062C7}.Release|Any CPU.ActiveCfg = Release|Any CPU
		{51362042-48EC-4E40-A695-AA34B81062C7}.Release|Any CPU.Build.0 = Release|Any CPU
		{1BFD6A92-E54A-475A-8FC6-FA4082AF1C1B}.Debug|Any CPU.ActiveCfg = Debug|Any CPU
		{1BFD6A92-E54A-475A-8FC6-FA4082AF1C1B}.Debug|Any CPU.Build.0 = Debug|Any CPU
		{1BFD6A92-E54A-475A-8FC6-FA4082AF1C1B}.Release|Any CPU.ActiveCfg = Release|Any CPU
		{1BFD6A92-E54A-475A-8FC6-FA4082AF1C1B}.Release|Any CPU.Build.0 = Release|Any CPU
		{71254DFB-E42F-4F25-8517-83783C460C5F}.Debug|Any CPU.ActiveCfg = Debug|Any CPU
		{71254DFB-E42F-4F25-8517-83783C460C5F}.Debug|Any CPU.Build.0 = Debug|Any CPU
		{71254DFB-E42F-4F25-8517-83783C460C5F}.Release|Any CPU.ActiveCfg = Release|Any CPU
		{71254DFB-E42F-4F25-8517-83783C460C5F}.Release|Any CPU.Build.0 = Release|Any CPU
		{8FB674DE-6D6E-416E-AE9B-70EE88A1D47B}.Debug|Any CPU.ActiveCfg = Debug|Any CPU
		{8FB674DE-6D6E-416E-AE9B-70EE88A1D47B}.Debug|Any CPU.Build.0 = Debug|Any CPU
		{8FB674DE-6D6E-416E-AE9B-70EE88A1D47B}.Release|Any CPU.ActiveCfg = Release|Any CPU
		{8FB674DE-6D6E-416E-AE9B-70EE88A1D47B}.Release|Any CPU.Build.0 = Release|Any CPU
		{1BCACF7F-E795-4F55-834D-4C44A4A4FF95}.Debug|Any CPU.ActiveCfg = Debug|Any CPU
		{1BCACF7F-E795-4F55-834D-4C44A4A4FF95}.Debug|Any CPU.Build.0 = Debug|Any CPU
		{1BCACF7F-E795-4F55-834D-4C44A4A4FF95}.Release|Any CPU.ActiveCfg = Release|Any CPU
		{1BCACF7F-E795-4F55-834D-4C44A4A4FF95}.Release|Any CPU.Build.0 = Release|Any CPU
		{98A1F433-EFFB-4C2F-86E5-32BE1E0D7455}.Debug|Any CPU.ActiveCfg = Debug|Any CPU
		{98A1F433-EFFB-4C2F-86E5-32BE1E0D7455}.Debug|Any CPU.Build.0 = Debug|Any CPU
		{98A1F433-EFFB-4C2F-86E5-32BE1E0D7455}.Release|Any CPU.ActiveCfg = Release|Any CPU
		{98A1F433-EFFB-4C2F-86E5-32BE1E0D7455}.Release|Any CPU.Build.0 = Release|Any CPU
		{6EB7F6F0-0021-4418-A1A3-D30D4D72728B}.Debug|Any CPU.ActiveCfg = Debug|Any CPU
		{6EB7F6F0-0021-4418-A1A3-D30D4D72728B}.Debug|Any CPU.Build.0 = Debug|Any CPU
		{6EB7F6F0-0021-4418-A1A3-D30D4D72728B}.Release|Any CPU.ActiveCfg = Release|Any CPU
		{6EB7F6F0-0021-4418-A1A3-D30D4D72728B}.Release|Any CPU.Build.0 = Release|Any CPU
		{82E277B6-6DE0-481E-B6B0-1F1C3CEEC0D1}.Debug|Any CPU.ActiveCfg = Debug|Any CPU
		{82E277B6-6DE0-481E-B6B0-1F1C3CEEC0D1}.Debug|Any CPU.Build.0 = Debug|Any CPU
		{82E277B6-6DE0-481E-B6B0-1F1C3CEEC0D1}.Release|Any CPU.ActiveCfg = Release|Any CPU
		{82E277B6-6DE0-481E-B6B0-1F1C3CEEC0D1}.Release|Any CPU.Build.0 = Release|Any CPU
		{6CC13FF8-4463-40A1-BF80-1BEB2B84C447}.Debug|Any CPU.ActiveCfg = Debug|Any CPU
		{6CC13FF8-4463-40A1-BF80-1BEB2B84C447}.Debug|Any CPU.Build.0 = Debug|Any CPU
		{6CC13FF8-4463-40A1-BF80-1BEB2B84C447}.Release|Any CPU.ActiveCfg = Release|Any CPU
		{6CC13FF8-4463-40A1-BF80-1BEB2B84C447}.Release|Any CPU.Build.0 = Release|Any CPU
		{0F49C43F-174B-47BE-9DE8-1B58C8864CDA}.Debug|Any CPU.ActiveCfg = Debug|Any CPU
		{0F49C43F-174B-47BE-9DE8-1B58C8864CDA}.Debug|Any CPU.Build.0 = Debug|Any CPU
		{0F49C43F-174B-47BE-9DE8-1B58C8864CDA}.Release|Any CPU.ActiveCfg = Release|Any CPU
		{0F49C43F-174B-47BE-9DE8-1B58C8864CDA}.Release|Any CPU.Build.0 = Release|Any CPU
		{5B64E564-3496-4D07-A7AF-5B51602BE7F2}.Debug|Any CPU.ActiveCfg = Debug|Any CPU
		{5B64E564-3496-4D07-A7AF-5B51602BE7F2}.Debug|Any CPU.Build.0 = Debug|Any CPU
		{5B64E564-3496-4D07-A7AF-5B51602BE7F2}.Release|Any CPU.ActiveCfg = Release|Any CPU
		{5B64E564-3496-4D07-A7AF-5B51602BE7F2}.Release|Any CPU.Build.0 = Release|Any CPU
		{785A5F40-522B-4352-98F0-4AA52FFB4F6A}.Debug|Any CPU.ActiveCfg = Debug|Any CPU
		{785A5F40-522B-4352-98F0-4AA52FFB4F6A}.Debug|Any CPU.Build.0 = Debug|Any CPU
		{785A5F40-522B-4352-98F0-4AA52FFB4F6A}.Release|Any CPU.ActiveCfg = Release|Any CPU
		{785A5F40-522B-4352-98F0-4AA52FFB4F6A}.Release|Any CPU.Build.0 = Release|Any CPU
		{1A418CBD-1A08-41E3-BB36-561151B90C14}.Debug|Any CPU.ActiveCfg = Debug|Any CPU
		{1A418CBD-1A08-41E3-BB36-561151B90C14}.Debug|Any CPU.Build.0 = Debug|Any CPU
		{1A418CBD-1A08-41E3-BB36-561151B90C14}.Release|Any CPU.ActiveCfg = Release|Any CPU
		{1A418CBD-1A08-41E3-BB36-561151B90C14}.Release|Any CPU.Build.0 = Release|Any CPU
		{2FD198C8-1F4B-4105-B362-81FD14516FBF}.Debug|Any CPU.ActiveCfg = Debug|Any CPU
		{2FD198C8-1F4B-4105-B362-81FD14516FBF}.Debug|Any CPU.Build.0 = Debug|Any CPU
		{2FD198C8-1F4B-4105-B362-81FD14516FBF}.Release|Any CPU.ActiveCfg = Release|Any CPU
		{2FD198C8-1F4B-4105-B362-81FD14516FBF}.Release|Any CPU.Build.0 = Release|Any CPU
		{6F2B95F5-07D4-43ED-81A5-CA6015F43E51}.Debug|Any CPU.ActiveCfg = Debug|Any CPU
		{6F2B95F5-07D4-43ED-81A5-CA6015F43E51}.Debug|Any CPU.Build.0 = Debug|Any CPU
		{6F2B95F5-07D4-43ED-81A5-CA6015F43E51}.Release|Any CPU.ActiveCfg = Release|Any CPU
		{6F2B95F5-07D4-43ED-81A5-CA6015F43E51}.Release|Any CPU.Build.0 = Release|Any CPU
		{BF9EC991-9994-452D-8D4E-A4B68F8F960E}.Debug|Any CPU.ActiveCfg = Debug|Any CPU
		{BF9EC991-9994-452D-8D4E-A4B68F8F960E}.Debug|Any CPU.Build.0 = Debug|Any CPU
		{BF9EC991-9994-452D-8D4E-A4B68F8F960E}.Release|Any CPU.ActiveCfg = Release|Any CPU
		{BF9EC991-9994-452D-8D4E-A4B68F8F960E}.Release|Any CPU.Build.0 = Release|Any CPU
		{6717B061-5601-43F1-9E18-D2213884C546}.Debug|Any CPU.ActiveCfg = Debug|Any CPU
		{6717B061-5601-43F1-9E18-D2213884C546}.Debug|Any CPU.Build.0 = Debug|Any CPU
		{6717B061-5601-43F1-9E18-D2213884C546}.Release|Any CPU.ActiveCfg = Release|Any CPU
		{6717B061-5601-43F1-9E18-D2213884C546}.Release|Any CPU.Build.0 = Release|Any CPU
		{804F3E24-F847-4EB2-804B-442263D1200F}.Debug|Any CPU.ActiveCfg = Debug|Any CPU
		{804F3E24-F847-4EB2-804B-442263D1200F}.Debug|Any CPU.Build.0 = Debug|Any CPU
		{804F3E24-F847-4EB2-804B-442263D1200F}.Release|Any CPU.ActiveCfg = Release|Any CPU
		{804F3E24-F847-4EB2-804B-442263D1200F}.Release|Any CPU.Build.0 = Release|Any CPU
		{C09F944E-5797-4213-8222-656B0A42F249}.Debug|Any CPU.ActiveCfg = Debug|Any CPU
		{C09F944E-5797-4213-8222-656B0A42F249}.Debug|Any CPU.Build.0 = Debug|Any CPU
		{C09F944E-5797-4213-8222-656B0A42F249}.Release|Any CPU.ActiveCfg = Release|Any CPU
		{C09F944E-5797-4213-8222-656B0A42F249}.Release|Any CPU.Build.0 = Release|Any CPU
		{AA72CC98-7D3E-42FD-93CA-FAFE3C2CB849}.Debug|Any CPU.ActiveCfg = Debug|Any CPU
		{AA72CC98-7D3E-42FD-93CA-FAFE3C2CB849}.Debug|Any CPU.Build.0 = Debug|Any CPU
		{AA72CC98-7D3E-42FD-93CA-FAFE3C2CB849}.Release|Any CPU.ActiveCfg = Release|Any CPU
		{AA72CC98-7D3E-42FD-93CA-FAFE3C2CB849}.Release|Any CPU.Build.0 = Release|Any CPU
		{C5A79408-B80E-445F-8EFD-2839821B3F76}.Debug|Any CPU.ActiveCfg = Debug|Any CPU
		{C5A79408-B80E-445F-8EFD-2839821B3F76}.Debug|Any CPU.Build.0 = Debug|Any CPU
		{C5A79408-B80E-445F-8EFD-2839821B3F76}.Release|Any CPU.ActiveCfg = Release|Any CPU
		{C5A79408-B80E-445F-8EFD-2839821B3F76}.Release|Any CPU.Build.0 = Release|Any CPU
		{D0ECDC53-8C7F-45D7-8614-A4D7C90509F9}.Debug|Any CPU.ActiveCfg = Debug|Any CPU
		{D0ECDC53-8C7F-45D7-8614-A4D7C90509F9}.Debug|Any CPU.Build.0 = Debug|Any CPU
		{D0ECDC53-8C7F-45D7-8614-A4D7C90509F9}.Release|Any CPU.ActiveCfg = Release|Any CPU
		{D0ECDC53-8C7F-45D7-8614-A4D7C90509F9}.Release|Any CPU.Build.0 = Release|Any CPU
	EndGlobalSection
	GlobalSection(SolutionProperties) = preSolution
		HideSolutionNode = FALSE
	EndGlobalSection
	GlobalSection(ExtensibilityGlobals) = postSolution
		SolutionGuid = {8F10DCF0-0471-434F-9CB5-E42CA58ECB8E}
	EndGlobalSection
EndGlobal
