
Microsoft Visual Studio Solution File, Format Version 12.00
# Visual Studio Version 17
VisualStudioVersion = 17.2.32630.192
MinimumVisualStudioVersion = 10.0.40219.1
Project("{9A19103F-16F7-4668-BE54-9A1E7A4F7556}") = "R5T.F0120.Construction", "R5T.F0120.Construction\R5T.F0120.Construction.csproj", "{01625AF7-8BF2-4AB7-9E9D-0D52548D5AB0}"
EndProject
Project("{9A19103F-16F7-4668-BE54-9A1E7A4F7556}") = "R5T.F0120", "R5T.F0120\R5T.F0120.csproj", "{BD680FB3-145D-4DDA-B1B1-F01D0A0FF893}"
EndProject
Project("{2150E333-8FDC-42A3-9474-1A3956D46DE8}") = "_Dependencies", "_Dependencies", "{319DB70B-A874-4772-BAD4-4AFE1E2474B3}"
EndProject
Project("{9A19103F-16F7-4668-BE54-9A1E7A4F7556}") = "R5T.T0143", "..\..\R5T.T0143\source\R5T.T0143\R5T.T0143.csproj", "{CFF2F326-9305-469C-8544-C7BF157E00FB}"
EndProject
Project("{9A19103F-16F7-4668-BE54-9A1E7A4F7556}") = "R5T.T0178", "..\..\R5T.T0178\source\R5T.T0178\R5T.T0178.csproj", "{2938CF9D-91D7-4DD7-BD71-CF53D0C8D850}"
EndProject
Project("{9A19103F-16F7-4668-BE54-9A1E7A4F7556}") = "R5T.T0179", "..\..\R5T.T0179\source\R5T.T0179\R5T.T0179.csproj", "{51362042-48EC-4E40-A695-AA34B81062C7}"
EndProject
Project("{9A19103F-16F7-4668-BE54-9A1E7A4F7556}") = "R5T.T0141", "..\..\R5T.T0141\source\R5T.T0141\R5T.T0141.csproj", "{1BFD6A92-E54A-475A-8FC6-FA4082AF1C1B}"
EndProject
Project("{9A19103F-16F7-4668-BE54-9A1E7A4F7556}") = "R5T.T0131", "..\..\R5T.T0131\source\R5T.T0131\R5T.T0131.csproj", "{71254DFB-E42F-4F25-8517-83783C460C5F}"
EndProject
Project("{9A19103F-16F7-4668-BE54-9A1E7A4F7556}") = "R5T.T0132", "..\..\R5T.T0132\source\R5T.T0132\R5T.T0132.csproj", "{8FB674DE-6D6E-416E-AE9B-70EE88A1D47B}"
EndProject
Project("{9A19103F-16F7-4668-BE54-9A1E7A4F7556}") = "R5T.Z0004", "..\..\R5T.Z0004\source\R5T.Z0004\R5T.Z0004.csproj", "{1BCACF7F-E795-4F55-834D-4C44A4A4FF95}"
EndProject
Global
	GlobalSection(SolutionConfigurationPlatforms) = preSolution
		Debug|Any CPU = Debug|Any CPU
		Release|Any CPU = Release|Any CPU
	EndGlobalSection
	GlobalSection(ProjectConfigurationPlatforms) = postSolution
		{01625AF7-8BF2-4AB7-9E9D-0D52548D5AB0}.Debug|Any CPU.ActiveCfg = Debug|Any CPU
		{01625AF7-8BF2-4AB7-9E9D-0D52548D5AB0}.Debug|Any CPU.Build.0 = Debug|Any CPU
		{01625AF7-8BF2-4AB7-9E9D-0D52548D5AB0}.Release|Any CPU.ActiveCfg = Release|Any CPU
		{01625AF7-8BF2-4AB7-9E9D-0D52548D5AB0}.Release|Any CPU.Build.0 = Release|Any CPU
		{BD680FB3-145D-4DDA-B1B1-F01D0A0FF893}.Debug|Any CPU.ActiveCfg = Debug|Any CPU
		{BD680FB3-145D-4DDA-B1B1-F01D0A0FF893}.Debug|Any CPU.Build.0 = Debug|Any CPU
		{BD680FB3-145D-4DDA-B1B1-F01D0A0FF893}.Release|Any CPU.ActiveCfg = Release|Any CPU
		{BD680FB3-145D-4DDA-B1B1-F01D0A0FF893}.Release|Any CPU.Build.0 = Release|Any CPU
		{CFF2F326-9305-469C-8544-C7BF157E00FB}.Debug|Any CPU.ActiveCfg = Debug|Any CPU
		{CFF2F326-9305-469C-8544-C7BF157E00FB}.Debug|Any CPU.Build.0 = Debug|Any CPU
		{CFF2F326-9305-469C-8544-C7BF157E00FB}.Release|Any CPU.ActiveCfg = Release|Any CPU
		{CFF2F326-9305-469C-8544-C7BF157E00FB}.Release|Any CPU.Build.0 = Release|Any CPU
		{2938CF9D-91D7-4DD7-BD71-CF53D0C8D850}.Debug|Any CPU.ActiveCfg = Debug|Any CPU
		{2938CF9D-91D7-4DD7-BD71-CF53D0C8D850}.Debug|Any CPU.Build.0 = Debug|Any CPU
		{2938CF9D-91D7-4DD7-BD71-CF53D0C8D850}.Release|Any CPU.ActiveCfg = Release|Any CPU
		{2938CF9D-91D7-4DD7-BD71-CF53D0C8D850}.Release|Any CPU.Build.0 = Release|Any CPU
		{51362042-48EC-4E40-A695-AA34B81062C7}.Debug|Any CPU.ActiveCfg = Debug|Any CPU
		{51362042-48EC-4E40-A695-AA34B81062C7}.Debug|Any CPU.Build.0 = Debug|Any CPU
		{51362042-48EC-4E40-A695-AA34B81062C7}.Release|Any CPU.ActiveCfg = Release|Any CPU
		{51362042-48EC-4E40-A695-AA34B81062C7}.Release|Any CPU.Build.0 = Release|Any CPU
		{1BFD6A92-E54A-475A-8FC6-FA4082AF1C1B}.Debug|Any CPU.ActiveCfg = Debug|Any CPU
		{1BFD6A92-E54A-475A-8FC6-FA4082AF1C1B}.Debug|Any CPU.Build.0 = Debug|Any CPU
		{1BFD6A92-E54A-475A-8FC6-FA4082AF1C1B}.Release|Any CPU.ActiveCfg = Release|Any CPU
		{1BFD6A92-E54A-475A-8FC6-FA4082AF1C1B}.Release|Any CPU.Build.0 = Release|Any CPU
		{71254DFB-E42F-4F25-8517-83783C460C5F}.Debug|Any CPU.ActiveCfg = Debug|Any CPU
		{71254DFB-E42F-4F25-8517-83783C460C5F}.Debug|Any CPU.Build.0 = Debug|Any CPU
		{71254DFB-E42F-4F25-8517-83783C460C5F}.Release|Any CPU.ActiveCfg = Release|Any CPU
		{71254DFB-E42F-4F25-8517-83783C460C5F}.Release|Any CPU.Build.0 = Release|Any CPU
		{8FB674DE-6D6E-416E-AE9B-70EE88A1D47B}.Debug|Any CPU.ActiveCfg = Debug|Any CPU
		{8FB674DE-6D6E-416E-AE9B-70EE88A1D47B}.Debug|Any CPU.Build.0 = Debug|Any CPU
		{8FB674DE-6D6E-416E-AE9B-70EE88A1D47B}.Release|Any CPU.ActiveCfg = Release|Any CPU
		{8FB674DE-6D6E-416E-AE9B-70EE88A1D47B}.Release|Any CPU.Build.0 = Release|Any CPU
		{1BCACF7F-E795-4F55-834D-4C44A4A4FF95}.Debug|Any CPU.ActiveCfg = Debug|Any CPU
		{1BCACF7F-E795-4F55-834D-4C44A4A4FF95}.Debug|Any CPU.Build.0 = Debug|Any CPU
		{1BCACF7F-E795-4F55-834D-4C44A4A4FF95}.Release|Any CPU.ActiveCfg = Release|Any CPU
		{1BCACF7F-E795-4F55-834D-4C44A4A4FF95}.Release|Any CPU.Build.0 = Release|Any CPU
	EndGlobalSection
	GlobalSection(SolutionProperties) = preSolution
		HideSolutionNode = FALSE
	EndGlobalSection
	GlobalSection(NestedProjects) = preSolution
		{CFF2F326-9305-469C-8544-C7BF157E00FB} = {319DB70B-A874-4772-BAD4-4AFE1E2474B3}
		{2938CF9D-91D7-4DD7-BD71-CF53D0C8D850} = {319DB70B-A874-4772-BAD4-4AFE1E2474B3}
		{51362042-48EC-4E40-A695-AA34B81062C7} = {319DB70B-A874-4772-BAD4-4AFE1E2474B3}
		{1BFD6A92-E54A-475A-8FC6-FA4082AF1C1B} = {319DB70B-A874-4772-BAD4-4AFE1E2474B3}
		{71254DFB-E42F-4F25-8517-83783C460C5F} = {319DB70B-A874-4772-BAD4-4AFE1E2474B3}
		{8FB674DE-6D6E-416E-AE9B-70EE88A1D47B} = {319DB70B-A874-4772-BAD4-4AFE1E2474B3}
		{1BCACF7F-E795-4F55-834D-4C44A4A4FF95} = {319DB70B-A874-4772-BAD4-4AFE1E2474B3}
	EndGlobalSection
	GlobalSection(ExtensibilityGlobals) = postSolution
		SolutionGuid = {8F10DCF0-0471-434F-9CB5-E42CA58ECB8E}
	EndGlobalSection
EndGlobal
