
Microsoft Visual Studio Solution File, Format Version 12.00
# Visual Studio Version 17
VisualStudioVersion = 17.2.32630.192
MinimumVisualStudioVersion = 10.0.40219.1
Project("{9A19103F-16F7-4668-BE54-9A1E7A4F7556}") = "R5T.F0120", "R5T.F0120\R5T.F0120.csproj", "{0BD0FB6E-8230-4C7A-B6FE-65F0708745F2}"
EndProject
Project("{2150E333-8FDC-42A3-9474-1A3956D46DE8}") = "_Dependencies", "_Dependencies", "{944B4FAC-DA36-481C-930E-A5D4C8D69FBD}"
EndProject
Project("{9A19103F-16F7-4668-BE54-9A1E7A4F7556}") = "R5T.T0143", "..\..\R5T.T0143\source\R5T.T0143\R5T.T0143.csproj", "{DB7559B9-944F-4A31-BFC6-A53EAB211558}"
EndProject
Project("{9A19103F-16F7-4668-BE54-9A1E7A4F7556}") = "R5T.T0178", "..\..\R5T.T0178\source\R5T.T0178\R5T.T0178.csproj", "{BAA6FCED-285F-46D6-8A78-59DE26FF3E4A}"
EndProject
Project("{9A19103F-16F7-4668-BE54-9A1E7A4F7556}") = "R5T.T0179", "..\..\R5T.T0179\source\R5T.T0179\R5T.T0179.csproj", "{A69D54E6-3694-4297-B90A-858B79CF9175}"
EndProject
Project("{9A19103F-16F7-4668-BE54-9A1E7A4F7556}") = "R5T.T0141", "..\..\R5T.T0141\source\R5T.T0141\R5T.T0141.csproj", "{B39BE585-E505-436F-BD8D-F522B34CF99F}"
EndProject
Project("{9A19103F-16F7-4668-BE54-9A1E7A4F7556}") = "R5T.T0131", "..\..\R5T.T0131\source\R5T.T0131\R5T.T0131.csproj", "{040BA3A6-B197-42BF-84A0-0B214CF829F8}"
EndProject
Project("{9A19103F-16F7-4668-BE54-9A1E7A4F7556}") = "R5T.T0132", "..\..\R5T.T0132\source\R5T.T0132\R5T.T0132.csproj", "{B4BC50FD-0EBE-4ABF-84F1-4D7108901F0D}"
EndProject
Global
	GlobalSection(NestedProjects) = preSolution
		{DB7559B9-944F-4A31-BFC6-A53EAB211558} = {944B4FAC-DA36-481C-930E-A5D4C8D69FBD}
		{BAA6FCED-285F-46D6-8A78-59DE26FF3E4A} = {944B4FAC-DA36-481C-930E-A5D4C8D69FBD}
		{A69D54E6-3694-4297-B90A-858B79CF9175} = {944B4FAC-DA36-481C-930E-A5D4C8D69FBD}
		{B39BE585-E505-436F-BD8D-F522B34CF99F} = {944B4FAC-DA36-481C-930E-A5D4C8D69FBD}
		{040BA3A6-B197-42BF-84A0-0B214CF829F8} = {944B4FAC-DA36-481C-930E-A5D4C8D69FBD}
		{B4BC50FD-0EBE-4ABF-84F1-4D7108901F0D} = {944B4FAC-DA36-481C-930E-A5D4C8D69FBD}
	EndGlobalSection
	GlobalSection(SolutionConfigurationPlatforms) = preSolution
		Debug|Any CPU = Debug|Any CPU
		Release|Any CPU = Release|Any CPU
	EndGlobalSection
	GlobalSection(ProjectConfigurationPlatforms) = postSolution
		{0BD0FB6E-8230-4C7A-B6FE-65F0708745F2}.Debug|Any CPU.ActiveCfg = Debug|Any CPU
		{0BD0FB6E-8230-4C7A-B6FE-65F0708745F2}.Debug|Any CPU.Build.0 = Debug|Any CPU
		{0BD0FB6E-8230-4C7A-B6FE-65F0708745F2}.Release|Any CPU.ActiveCfg = Release|Any CPU
		{0BD0FB6E-8230-4C7A-B6FE-65F0708745F2}.Release|Any CPU.Build.0 = Release|Any CPU
		{DB7559B9-944F-4A31-BFC6-A53EAB211558}.Debug|Any CPU.ActiveCfg = Debug|Any CPU
		{DB7559B9-944F-4A31-BFC6-A53EAB211558}.Debug|Any CPU.Build.0 = Debug|Any CPU
		{DB7559B9-944F-4A31-BFC6-A53EAB211558}.Release|Any CPU.ActiveCfg = Release|Any CPU
		{DB7559B9-944F-4A31-BFC6-A53EAB211558}.Release|Any CPU.Build.0 = Release|Any CPU
		{BAA6FCED-285F-46D6-8A78-59DE26FF3E4A}.Debug|Any CPU.ActiveCfg = Debug|Any CPU
		{BAA6FCED-285F-46D6-8A78-59DE26FF3E4A}.Debug|Any CPU.Build.0 = Debug|Any CPU
		{BAA6FCED-285F-46D6-8A78-59DE26FF3E4A}.Release|Any CPU.ActiveCfg = Release|Any CPU
		{BAA6FCED-285F-46D6-8A78-59DE26FF3E4A}.Release|Any CPU.Build.0 = Release|Any CPU
		{A69D54E6-3694-4297-B90A-858B79CF9175}.Debug|Any CPU.ActiveCfg = Debug|Any CPU
		{A69D54E6-3694-4297-B90A-858B79CF9175}.Debug|Any CPU.Build.0 = Debug|Any CPU
		{A69D54E6-3694-4297-B90A-858B79CF9175}.Release|Any CPU.ActiveCfg = Release|Any CPU
		{A69D54E6-3694-4297-B90A-858B79CF9175}.Release|Any CPU.Build.0 = Release|Any CPU
		{B39BE585-E505-436F-BD8D-F522B34CF99F}.Debug|Any CPU.ActiveCfg = Debug|Any CPU
		{B39BE585-E505-436F-BD8D-F522B34CF99F}.Debug|Any CPU.Build.0 = Debug|Any CPU
		{B39BE585-E505-436F-BD8D-F522B34CF99F}.Release|Any CPU.ActiveCfg = Release|Any CPU
		{B39BE585-E505-436F-BD8D-F522B34CF99F}.Release|Any CPU.Build.0 = Release|Any CPU
		{040BA3A6-B197-42BF-84A0-0B214CF829F8}.Debug|Any CPU.ActiveCfg = Debug|Any CPU
		{040BA3A6-B197-42BF-84A0-0B214CF829F8}.Debug|Any CPU.Build.0 = Debug|Any CPU
		{040BA3A6-B197-42BF-84A0-0B214CF829F8}.Release|Any CPU.ActiveCfg = Release|Any CPU
		{040BA3A6-B197-42BF-84A0-0B214CF829F8}.Release|Any CPU.Build.0 = Release|Any CPU
		{B4BC50FD-0EBE-4ABF-84F1-4D7108901F0D}.Debug|Any CPU.ActiveCfg = Debug|Any CPU
		{B4BC50FD-0EBE-4ABF-84F1-4D7108901F0D}.Debug|Any CPU.Build.0 = Debug|Any CPU
		{B4BC50FD-0EBE-4ABF-84F1-4D7108901F0D}.Release|Any CPU.ActiveCfg = Release|Any CPU
		{B4BC50FD-0EBE-4ABF-84F1-4D7108901F0D}.Release|Any CPU.Build.0 = Release|Any CPU
	EndGlobalSection
	GlobalSection(SolutionProperties) = preSolution
		HideSolutionNode = FALSE
	EndGlobalSection
	GlobalSection(ExtensibilityGlobals) = postSolution
		SolutionGuid = {5DE9A7E6-DA8B-4978-827A-7789E7C20592}
	EndGlobalSection
EndGlobal
